
Microsoft Visual Studio Solution File, Format Version 12.00
# Visual Studio 15
VisualStudioVersion = 15.0.27428.2011
MinimumVisualStudioVersion = 10.0.40219.1
Project("{FAE04EC0-301F-11D3-BF4B-00C04F79EFBC}") = "TimeAttendance", "TimeAttendance\TimeAttendance.csproj", "{B3F60E5E-8B7C-4D03-8230-237039F8C25B}"
EndProject
Project("{FAE04EC0-301F-11D3-BF4B-00C04F79EFBC}") = "TimeAttendance.API", "TimeAttendance.API\TimeAttendance.API.csproj", "{7324CCF5-1212-4F28-A59F-07E85D463A62}"
EndProject
Project("{FAE04EC0-301F-11D3-BF4B-00C04F79EFBC}") = "TimeAttendance.Business", "TimeAttendance.Business\TimeAttendance.Business.csproj", "{7391435F-BF95-4046-8414-70EA1015C2DE}"
EndProject
Project("{FAE04EC0-301F-11D3-BF4B-00C04F79EFBC}") = "TimeAttendance.Utils", "TimeAttendance.Utils\TimeAttendance.Utils.csproj", "{5C0B1E08-B302-491F-AA05-52C50BAA6E4D}"
EndProject
Project("{FAE04EC0-301F-11D3-BF4B-00C04F79EFBC}") = "TimeAttendance.Model", "TimeAttendance.Model\TimeAttendance.Model.csproj", "{96C3509C-7324-4B57-802F-FC6461737E3E}"
EndProject
Project("{FAE04EC0-301F-11D3-BF4B-00C04F79EFBC}") = "TimeAttendance.Caching", "TimeAttendance.Caching\TimeAttendance.Caching.csproj", "{5EE0FB8C-9027-4235-A965-41456C262365}"
EndProject
Project("{FAE04EC0-301F-11D3-BF4B-00C04F79EFBC}") = "TimeAttendance.ServiceBus", "TimeAttendance.ServiceBus\TimeAttendance.ServiceBus.csproj", "{63EC9557-6DBF-45C3-AD80-2E96263B5907}"
EndProject
Project("{FAE04EC0-301F-11D3-BF4B-00C04F79EFBC}") = "TimeAttendance.Storage", "TimeAttendance.Storage\TimeAttendance.Storage.csproj", "{D17FE4F7-B63E-4140-B518-3A5A059CD2D3}"
EndProject
Project("{9A19103F-16F7-4668-BE54-9A1E7A4F7556}") = "TimeAttendance.FunctionApp", "TimeAttendance.FunctionApp\TimeAttendance.FunctionApp.csproj", "{C58BC4B6-4609-4498-896D-F6A10BFD3ECB}"
EndProject
Project("{FAE04EC0-301F-11D3-BF4B-00C04F79EFBC}") = "TimeAttendance.Client", "TimeAttendance.Client\TimeAttendance.Client.csproj", "{B08D337A-AF9F-4705-B8C1-C7F07FACD8C5}"
EndProject
Project("{FAE04EC0-301F-11D3-BF4B-00C04F79EFBC}") = "ConsoleApp1", "ConsoleApp1\ConsoleApp1.csproj", "{B7FEA79E-3609-4708-8378-0F07424184DA}"
EndProject
Global
	GlobalSection(SolutionConfigurationPlatforms) = preSolution
		Debug|Any CPU = Debug|Any CPU
		Debug|ARM = Debug|ARM
		Debug|x64 = Debug|x64
		Debug|x86 = Debug|x86
		Release|Any CPU = Release|Any CPU
		Release|ARM = Release|ARM
		Release|x64 = Release|x64
		Release|x86 = Release|x86
	EndGlobalSection
	GlobalSection(ProjectConfigurationPlatforms) = postSolution
		{B3F60E5E-8B7C-4D03-8230-237039F8C25B}.Debug|Any CPU.ActiveCfg = Debug|Any CPU
		{B3F60E5E-8B7C-4D03-8230-237039F8C25B}.Debug|Any CPU.Build.0 = Debug|Any CPU
		{B3F60E5E-8B7C-4D03-8230-237039F8C25B}.Debug|ARM.ActiveCfg = Debug|Any CPU
		{B3F60E5E-8B7C-4D03-8230-237039F8C25B}.Debug|ARM.Build.0 = Debug|Any CPU
		{B3F60E5E-8B7C-4D03-8230-237039F8C25B}.Debug|x64.ActiveCfg = Debug|Any CPU
		{B3F60E5E-8B7C-4D03-8230-237039F8C25B}.Debug|x64.Build.0 = Debug|Any CPU
		{B3F60E5E-8B7C-4D03-8230-237039F8C25B}.Debug|x86.ActiveCfg = Debug|Any CPU
		{B3F60E5E-8B7C-4D03-8230-237039F8C25B}.Debug|x86.Build.0 = Debug|Any CPU
		{B3F60E5E-8B7C-4D03-8230-237039F8C25B}.Release|Any CPU.ActiveCfg = Release|Any CPU
		{B3F60E5E-8B7C-4D03-8230-237039F8C25B}.Release|Any CPU.Build.0 = Release|Any CPU
		{B3F60E5E-8B7C-4D03-8230-237039F8C25B}.Release|ARM.ActiveCfg = Release|Any CPU
		{B3F60E5E-8B7C-4D03-8230-237039F8C25B}.Release|ARM.Build.0 = Release|Any CPU
		{B3F60E5E-8B7C-4D03-8230-237039F8C25B}.Release|x64.ActiveCfg = Release|Any CPU
		{B3F60E5E-8B7C-4D03-8230-237039F8C25B}.Release|x64.Build.0 = Release|Any CPU
		{B3F60E5E-8B7C-4D03-8230-237039F8C25B}.Release|x86.ActiveCfg = Release|Any CPU
		{B3F60E5E-8B7C-4D03-8230-237039F8C25B}.Release|x86.Build.0 = Release|Any CPU
		{7324CCF5-1212-4F28-A59F-07E85D463A62}.Debug|Any CPU.ActiveCfg = Debug|Any CPU
		{7324CCF5-1212-4F28-A59F-07E85D463A62}.Debug|Any CPU.Build.0 = Debug|Any CPU
		{7324CCF5-1212-4F28-A59F-07E85D463A62}.Debug|ARM.ActiveCfg = Debug|Any CPU
		{7324CCF5-1212-4F28-A59F-07E85D463A62}.Debug|ARM.Build.0 = Debug|Any CPU
		{7324CCF5-1212-4F28-A59F-07E85D463A62}.Debug|x64.ActiveCfg = Debug|Any CPU
		{7324CCF5-1212-4F28-A59F-07E85D463A62}.Debug|x64.Build.0 = Debug|Any CPU
		{7324CCF5-1212-4F28-A59F-07E85D463A62}.Debug|x86.ActiveCfg = Debug|Any CPU
		{7324CCF5-1212-4F28-A59F-07E85D463A62}.Debug|x86.Build.0 = Debug|Any CPU
		{7324CCF5-1212-4F28-A59F-07E85D463A62}.Release|Any CPU.ActiveCfg = Release|Any CPU
		{7324CCF5-1212-4F28-A59F-07E85D463A62}.Release|Any CPU.Build.0 = Release|Any CPU
		{7324CCF5-1212-4F28-A59F-07E85D463A62}.Release|ARM.ActiveCfg = Release|Any CPU
		{7324CCF5-1212-4F28-A59F-07E85D463A62}.Release|ARM.Build.0 = Release|Any CPU
		{7324CCF5-1212-4F28-A59F-07E85D463A62}.Release|x64.ActiveCfg = Release|Any CPU
		{7324CCF5-1212-4F28-A59F-07E85D463A62}.Release|x64.Build.0 = Release|Any CPU
		{7324CCF5-1212-4F28-A59F-07E85D463A62}.Release|x86.ActiveCfg = Release|Any CPU
		{7324CCF5-1212-4F28-A59F-07E85D463A62}.Release|x86.Build.0 = Release|Any CPU
		{7391435F-BF95-4046-8414-70EA1015C2DE}.Debug|Any CPU.ActiveCfg = Debug|Any CPU
		{7391435F-BF95-4046-8414-70EA1015C2DE}.Debug|Any CPU.Build.0 = Debug|Any CPU
		{7391435F-BF95-4046-8414-70EA1015C2DE}.Debug|ARM.ActiveCfg = Debug|Any CPU
		{7391435F-BF95-4046-8414-70EA1015C2DE}.Debug|ARM.Build.0 = Debug|Any CPU
		{7391435F-BF95-4046-8414-70EA1015C2DE}.Debug|x64.ActiveCfg = Debug|Any CPU
		{7391435F-BF95-4046-8414-70EA1015C2DE}.Debug|x64.Build.0 = Debug|Any CPU
		{7391435F-BF95-4046-8414-70EA1015C2DE}.Debug|x86.ActiveCfg = Debug|Any CPU
		{7391435F-BF95-4046-8414-70EA1015C2DE}.Debug|x86.Build.0 = Debug|Any CPU
		{7391435F-BF95-4046-8414-70EA1015C2DE}.Release|Any CPU.ActiveCfg = Release|Any CPU
		{7391435F-BF95-4046-8414-70EA1015C2DE}.Release|Any CPU.Build.0 = Release|Any CPU
		{7391435F-BF95-4046-8414-70EA1015C2DE}.Release|ARM.ActiveCfg = Release|Any CPU
		{7391435F-BF95-4046-8414-70EA1015C2DE}.Release|ARM.Build.0 = Release|Any CPU
		{7391435F-BF95-4046-8414-70EA1015C2DE}.Release|x64.ActiveCfg = Release|Any CPU
		{7391435F-BF95-4046-8414-70EA1015C2DE}.Release|x64.Build.0 = Release|Any CPU
		{7391435F-BF95-4046-8414-70EA1015C2DE}.Release|x86.ActiveCfg = Release|Any CPU
		{7391435F-BF95-4046-8414-70EA1015C2DE}.Release|x86.Build.0 = Release|Any CPU
		{5C0B1E08-B302-491F-AA05-52C50BAA6E4D}.Debug|Any CPU.ActiveCfg = Debug|Any CPU
		{5C0B1E08-B302-491F-AA05-52C50BAA6E4D}.Debug|Any CPU.Build.0 = Debug|Any CPU
		{5C0B1E08-B302-491F-AA05-52C50BAA6E4D}.Debug|ARM.ActiveCfg = Debug|Any CPU
		{5C0B1E08-B302-491F-AA05-52C50BAA6E4D}.Debug|ARM.Build.0 = Debug|Any CPU
		{5C0B1E08-B302-491F-AA05-52C50BAA6E4D}.Debug|x64.ActiveCfg = Debug|Any CPU
		{5C0B1E08-B302-491F-AA05-52C50BAA6E4D}.Debug|x64.Build.0 = Debug|Any CPU
		{5C0B1E08-B302-491F-AA05-52C50BAA6E4D}.Debug|x86.ActiveCfg = Debug|Any CPU
		{5C0B1E08-B302-491F-AA05-52C50BAA6E4D}.Debug|x86.Build.0 = Debug|Any CPU
		{5C0B1E08-B302-491F-AA05-52C50BAA6E4D}.Release|Any CPU.ActiveCfg = Release|Any CPU
		{5C0B1E08-B302-491F-AA05-52C50BAA6E4D}.Release|Any CPU.Build.0 = Release|Any CPU
		{5C0B1E08-B302-491F-AA05-52C50BAA6E4D}.Release|ARM.ActiveCfg = Release|Any CPU
		{5C0B1E08-B302-491F-AA05-52C50BAA6E4D}.Release|ARM.Build.0 = Release|Any CPU
		{5C0B1E08-B302-491F-AA05-52C50BAA6E4D}.Release|x64.ActiveCfg = Release|Any CPU
		{5C0B1E08-B302-491F-AA05-52C50BAA6E4D}.Release|x64.Build.0 = Release|Any CPU
		{5C0B1E08-B302-491F-AA05-52C50BAA6E4D}.Release|x86.ActiveCfg = Release|Any CPU
		{5C0B1E08-B302-491F-AA05-52C50BAA6E4D}.Release|x86.Build.0 = Release|Any CPU
		{96C3509C-7324-4B57-802F-FC6461737E3E}.Debug|Any CPU.ActiveCfg = Debug|Any CPU
		{96C3509C-7324-4B57-802F-FC6461737E3E}.Debug|Any CPU.Build.0 = Debug|Any CPU
		{96C3509C-7324-4B57-802F-FC6461737E3E}.Debug|ARM.ActiveCfg = Debug|Any CPU
		{96C3509C-7324-4B57-802F-FC6461737E3E}.Debug|ARM.Build.0 = Debug|Any CPU
		{96C3509C-7324-4B57-802F-FC6461737E3E}.Debug|x64.ActiveCfg = Debug|Any CPU
		{96C3509C-7324-4B57-802F-FC6461737E3E}.Debug|x64.Build.0 = Debug|Any CPU
		{96C3509C-7324-4B57-802F-FC6461737E3E}.Debug|x86.ActiveCfg = Debug|Any CPU
		{96C3509C-7324-4B57-802F-FC6461737E3E}.Debug|x86.Build.0 = Debug|Any CPU
		{96C3509C-7324-4B57-802F-FC6461737E3E}.Release|Any CPU.ActiveCfg = Release|Any CPU
		{96C3509C-7324-4B57-802F-FC6461737E3E}.Release|Any CPU.Build.0 = Release|Any CPU
		{96C3509C-7324-4B57-802F-FC6461737E3E}.Release|ARM.ActiveCfg = Release|Any CPU
		{96C3509C-7324-4B57-802F-FC6461737E3E}.Release|ARM.Build.0 = Release|Any CPU
		{96C3509C-7324-4B57-802F-FC6461737E3E}.Release|x64.ActiveCfg = Release|Any CPU
		{96C3509C-7324-4B57-802F-FC6461737E3E}.Release|x64.Build.0 = Release|Any CPU
		{96C3509C-7324-4B57-802F-FC6461737E3E}.Release|x86.ActiveCfg = Release|Any CPU
		{96C3509C-7324-4B57-802F-FC6461737E3E}.Release|x86.Build.0 = Release|Any CPU
		{5EE0FB8C-9027-4235-A965-41456C262365}.Debug|Any CPU.ActiveCfg = Debug|Any CPU
		{5EE0FB8C-9027-4235-A965-41456C262365}.Debug|Any CPU.Build.0 = Debug|Any CPU
		{5EE0FB8C-9027-4235-A965-41456C262365}.Debug|ARM.ActiveCfg = Debug|Any CPU
		{5EE0FB8C-9027-4235-A965-41456C262365}.Debug|ARM.Build.0 = Debug|Any CPU
		{5EE0FB8C-9027-4235-A965-41456C262365}.Debug|x64.ActiveCfg = Debug|Any CPU
		{5EE0FB8C-9027-4235-A965-41456C262365}.Debug|x64.Build.0 = Debug|Any CPU
		{5EE0FB8C-9027-4235-A965-41456C262365}.Debug|x86.ActiveCfg = Debug|Any CPU
		{5EE0FB8C-9027-4235-A965-41456C262365}.Debug|x86.Build.0 = Debug|Any CPU
		{5EE0FB8C-9027-4235-A965-41456C262365}.Release|Any CPU.ActiveCfg = Release|Any CPU
		{5EE0FB8C-9027-4235-A965-41456C262365}.Release|Any CPU.Build.0 = Release|Any CPU
		{5EE0FB8C-9027-4235-A965-41456C262365}.Release|ARM.ActiveCfg = Release|Any CPU
		{5EE0FB8C-9027-4235-A965-41456C262365}.Release|ARM.Build.0 = Release|Any CPU
		{5EE0FB8C-9027-4235-A965-41456C262365}.Release|x64.ActiveCfg = Release|Any CPU
		{5EE0FB8C-9027-4235-A965-41456C262365}.Release|x64.Build.0 = Release|Any CPU
		{5EE0FB8C-9027-4235-A965-41456C262365}.Release|x86.ActiveCfg = Release|Any CPU
		{5EE0FB8C-9027-4235-A965-41456C262365}.Release|x86.Build.0 = Release|Any CPU
		{63EC9557-6DBF-45C3-AD80-2E96263B5907}.Debug|Any CPU.ActiveCfg = Debug|Any CPU
		{63EC9557-6DBF-45C3-AD80-2E96263B5907}.Debug|Any CPU.Build.0 = Debug|Any CPU
		{63EC9557-6DBF-45C3-AD80-2E96263B5907}.Debug|ARM.ActiveCfg = Debug|Any CPU
		{63EC9557-6DBF-45C3-AD80-2E96263B5907}.Debug|ARM.Build.0 = Debug|Any CPU
		{63EC9557-6DBF-45C3-AD80-2E96263B5907}.Debug|x64.ActiveCfg = Debug|Any CPU
		{63EC9557-6DBF-45C3-AD80-2E96263B5907}.Debug|x64.Build.0 = Debug|Any CPU
		{63EC9557-6DBF-45C3-AD80-2E96263B5907}.Debug|x86.ActiveCfg = Debug|Any CPU
		{63EC9557-6DBF-45C3-AD80-2E96263B5907}.Debug|x86.Build.0 = Debug|Any CPU
		{63EC9557-6DBF-45C3-AD80-2E96263B5907}.Release|Any CPU.ActiveCfg = Release|Any CPU
		{63EC9557-6DBF-45C3-AD80-2E96263B5907}.Release|Any CPU.Build.0 = Release|Any CPU
		{63EC9557-6DBF-45C3-AD80-2E96263B5907}.Release|ARM.ActiveCfg = Release|Any CPU
		{63EC9557-6DBF-45C3-AD80-2E96263B5907}.Release|ARM.Build.0 = Release|Any CPU
		{63EC9557-6DBF-45C3-AD80-2E96263B5907}.Release|x64.ActiveCfg = Release|Any CPU
		{63EC9557-6DBF-45C3-AD80-2E96263B5907}.Release|x64.Build.0 = Release|Any CPU
		{63EC9557-6DBF-45C3-AD80-2E96263B5907}.Release|x86.ActiveCfg = Release|Any CPU
		{63EC9557-6DBF-45C3-AD80-2E96263B5907}.Release|x86.Build.0 = Release|Any CPU
		{D17FE4F7-B63E-4140-B518-3A5A059CD2D3}.Debug|Any CPU.ActiveCfg = Debug|Any CPU
		{D17FE4F7-B63E-4140-B518-3A5A059CD2D3}.Debug|Any CPU.Build.0 = Debug|Any CPU
		{D17FE4F7-B63E-4140-B518-3A5A059CD2D3}.Debug|ARM.ActiveCfg = Debug|Any CPU
		{D17FE4F7-B63E-4140-B518-3A5A059CD2D3}.Debug|ARM.Build.0 = Debug|Any CPU
		{D17FE4F7-B63E-4140-B518-3A5A059CD2D3}.Debug|x64.ActiveCfg = Debug|Any CPU
		{D17FE4F7-B63E-4140-B518-3A5A059CD2D3}.Debug|x64.Build.0 = Debug|Any CPU
		{D17FE4F7-B63E-4140-B518-3A5A059CD2D3}.Debug|x86.ActiveCfg = Debug|Any CPU
		{D17FE4F7-B63E-4140-B518-3A5A059CD2D3}.Debug|x86.Build.0 = Debug|Any CPU
		{D17FE4F7-B63E-4140-B518-3A5A059CD2D3}.Release|Any CPU.ActiveCfg = Release|Any CPU
		{D17FE4F7-B63E-4140-B518-3A5A059CD2D3}.Release|Any CPU.Build.0 = Release|Any CPU
		{D17FE4F7-B63E-4140-B518-3A5A059CD2D3}.Release|ARM.ActiveCfg = Release|Any CPU
		{D17FE4F7-B63E-4140-B518-3A5A059CD2D3}.Release|ARM.Build.0 = Release|Any CPU
		{D17FE4F7-B63E-4140-B518-3A5A059CD2D3}.Release|x64.ActiveCfg = Release|Any CPU
		{D17FE4F7-B63E-4140-B518-3A5A059CD2D3}.Release|x64.Build.0 = Release|Any CPU
		{D17FE4F7-B63E-4140-B518-3A5A059CD2D3}.Release|x86.ActiveCfg = Release|Any CPU
		{D17FE4F7-B63E-4140-B518-3A5A059CD2D3}.Release|x86.Build.0 = Release|Any CPU
		{C58BC4B6-4609-4498-896D-F6A10BFD3ECB}.Debug|Any CPU.ActiveCfg = Debug|Any CPU
		{C58BC4B6-4609-4498-896D-F6A10BFD3ECB}.Debug|Any CPU.Build.0 = Debug|Any CPU
		{C58BC4B6-4609-4498-896D-F6A10BFD3ECB}.Debug|ARM.ActiveCfg = Debug|Any CPU
		{C58BC4B6-4609-4498-896D-F6A10BFD3ECB}.Debug|ARM.Build.0 = Debug|Any CPU
		{C58BC4B6-4609-4498-896D-F6A10BFD3ECB}.Debug|x64.ActiveCfg = Debug|Any CPU
		{C58BC4B6-4609-4498-896D-F6A10BFD3ECB}.Debug|x64.Build.0 = Debug|Any CPU
		{C58BC4B6-4609-4498-896D-F6A10BFD3ECB}.Debug|x86.ActiveCfg = Debug|Any CPU
		{C58BC4B6-4609-4498-896D-F6A10BFD3ECB}.Debug|x86.Build.0 = Debug|Any CPU
		{C58BC4B6-4609-4498-896D-F6A10BFD3ECB}.Release|Any CPU.ActiveCfg = Release|Any CPU
		{C58BC4B6-4609-4498-896D-F6A10BFD3ECB}.Release|Any CPU.Build.0 = Release|Any CPU
		{C58BC4B6-4609-4498-896D-F6A10BFD3ECB}.Release|ARM.ActiveCfg = Release|Any CPU
		{C58BC4B6-4609-4498-896D-F6A10BFD3ECB}.Release|ARM.Build.0 = Release|Any CPU
		{C58BC4B6-4609-4498-896D-F6A10BFD3ECB}.Release|x64.ActiveCfg = Release|Any CPU
		{C58BC4B6-4609-4498-896D-F6A10BFD3ECB}.Release|x64.Build.0 = Release|Any CPU
		{C58BC4B6-4609-4498-896D-F6A10BFD3ECB}.Release|x86.ActiveCfg = Release|Any CPU
		{C58BC4B6-4609-4498-896D-F6A10BFD3ECB}.Release|x86.Build.0 = Release|Any CPU
		{B08D337A-AF9F-4705-B8C1-C7F07FACD8C5}.Debug|Any CPU.ActiveCfg = Debug|x64
		{B08D337A-AF9F-4705-B8C1-C7F07FACD8C5}.Debug|Any CPU.Build.0 = Debug|x64
		{B08D337A-AF9F-4705-B8C1-C7F07FACD8C5}.Debug|ARM.ActiveCfg = Debug|ARM
		{B08D337A-AF9F-4705-B8C1-C7F07FACD8C5}.Debug|ARM.Build.0 = Debug|ARM
		{B08D337A-AF9F-4705-B8C1-C7F07FACD8C5}.Debug|ARM.Deploy.0 = Debug|ARM
		{B08D337A-AF9F-4705-B8C1-C7F07FACD8C5}.Debug|x64.ActiveCfg = Debug|x64
		{B08D337A-AF9F-4705-B8C1-C7F07FACD8C5}.Debug|x64.Build.0 = Debug|x64
		{B08D337A-AF9F-4705-B8C1-C7F07FACD8C5}.Debug|x64.Deploy.0 = Debug|x64
		{B08D337A-AF9F-4705-B8C1-C7F07FACD8C5}.Debug|x86.ActiveCfg = Debug|x86
		{B08D337A-AF9F-4705-B8C1-C7F07FACD8C5}.Debug|x86.Build.0 = Debug|x86
		{B08D337A-AF9F-4705-B8C1-C7F07FACD8C5}.Debug|x86.Deploy.0 = Debug|x86
		{B08D337A-AF9F-4705-B8C1-C7F07FACD8C5}.Release|Any CPU.ActiveCfg = Release|x86
		{B08D337A-AF9F-4705-B8C1-C7F07FACD8C5}.Release|ARM.ActiveCfg = Release|ARM
		{B08D337A-AF9F-4705-B8C1-C7F07FACD8C5}.Release|ARM.Build.0 = Release|ARM
		{B08D337A-AF9F-4705-B8C1-C7F07FACD8C5}.Release|ARM.Deploy.0 = Release|ARM
		{B08D337A-AF9F-4705-B8C1-C7F07FACD8C5}.Release|x64.ActiveCfg = Release|x64
		{B08D337A-AF9F-4705-B8C1-C7F07FACD8C5}.Release|x64.Build.0 = Release|x64
		{B08D337A-AF9F-4705-B8C1-C7F07FACD8C5}.Release|x64.Deploy.0 = Release|x64
		{B08D337A-AF9F-4705-B8C1-C7F07FACD8C5}.Release|x86.ActiveCfg = Release|x86
		{B08D337A-AF9F-4705-B8C1-C7F07FACD8C5}.Release|x86.Build.0 = Release|x86
		{B08D337A-AF9F-4705-B8C1-C7F07FACD8C5}.Release|x86.Deploy.0 = Release|x86
		{B7FEA79E-3609-4708-8378-0F07424184DA}.Debug|Any CPU.ActiveCfg = Debug|Any CPU
		{B7FEA79E-3609-4708-8378-0F07424184DA}.Debug|Any CPU.Build.0 = Debug|Any CPU
		{B7FEA79E-3609-4708-8378-0F07424184DA}.Debug|ARM.ActiveCfg = Debug|Any CPU
		{B7FEA79E-3609-4708-8378-0F07424184DA}.Debug|ARM.Build.0 = Debug|Any CPU
		{B7FEA79E-3609-4708-8378-0F07424184DA}.Debug|x64.ActiveCfg = Debug|Any CPU
		{B7FEA79E-3609-4708-8378-0F07424184DA}.Debug|x64.Build.0 = Debug|Any CPU
		{B7FEA79E-3609-4708-8378-0F07424184DA}.Debug|x86.ActiveCfg = Debug|Any CPU
		{B7FEA79E-3609-4708-8378-0F07424184DA}.Debug|x86.Build.0 = Debug|Any CPU
		{B7FEA79E-3609-4708-8378-0F07424184DA}.Release|Any CPU.ActiveCfg = Release|Any CPU
		{B7FEA79E-3609-4708-8378-0F07424184DA}.Release|Any CPU.Build.0 = Release|Any CPU
		{B7FEA79E-3609-4708-8378-0F07424184DA}.Release|ARM.ActiveCfg = Release|Any CPU
		{B7FEA79E-3609-4708-8378-0F07424184DA}.Release|ARM.Build.0 = Release|Any CPU
		{B7FEA79E-3609-4708-8378-0F07424184DA}.Release|x64.ActiveCfg = Release|Any CPU
		{B7FEA79E-3609-4708-8378-0F07424184DA}.Release|x64.Build.0 = Release|Any CPU
		{B7FEA79E-3609-4708-8378-0F07424184DA}.Release|x86.ActiveCfg = Release|Any CPU
		{B7FEA79E-3609-4708-8378-0F07424184DA}.Release|x86.Build.0 = Release|Any CPU
	EndGlobalSection
	GlobalSection(SolutionProperties) = preSolution
		HideSolutionNode = FALSE
	EndGlobalSection
	GlobalSection(ExtensibilityGlobals) = postSolution
		SolutionGuid = {36B12422-A4E7-4AF5-87A9-94BCC0B9EF8E}
	EndGlobalSection
EndGlobal
